
Microsoft Visual Studio Solution File, Format Version 12.00
# Visual Studio Version 17
VisualStudioVersion = 17.0.31903.59
MinimumVisualStudioVersion = 10.0.40219.1
Project("{FAE04EC0-301F-11D3-BF4B-00C04F79EFBC}") = "super-life-imposer", "super-life-imposer\super-life-imposer.csproj", "{FE80F3FF-9D56-4A49-84D9-9C4EBE6D222A}"
EndProject
Global
	GlobalSection(SolutionConfigurationPlatforms) = preSolution
		Debug|Any CPU = Debug|Any CPU
		Release|Any CPU = Release|Any CPU
	EndGlobalSection
	GlobalSection(SolutionProperties) = preSolution
		HideSolutionNode = FALSE
	EndGlobalSection
	GlobalSection(ProjectConfigurationPlatforms) = postSolution
		{FE80F3FF-9D56-4A49-84D9-9C4EBE6D222A}.Debug|Any CPU.ActiveCfg = Debug|Any CPU
		{FE80F3FF-9D56-4A49-84D9-9C4EBE6D222A}.Debug|Any CPU.Build.0 = Debug|Any CPU
		{FE80F3FF-9D56-4A49-84D9-9C4EBE6D222A}.Release|Any CPU.ActiveCfg = Release|Any CPU
		{FE80F3FF-9D56-4A49-84D9-9C4EBE6D222A}.Release|Any CPU.Build.0 = Release|Any CPU
	EndGlobalSection
EndGlobal
